#MicroXplorer Configuration settings - do not modify
BSP_IP_NAME=NUCLEO-WB09KE
CAD.formats=
CAD.pinconfig=
CAD.provider=
File.Version=6
GPIO.groupedBy=Group By Peripherals
KeepUserPlacement=false
Mcu.CPN=STM32WB09KEV6TR
Mcu.Family=STM32WB0
Mcu.IP0=CORTEX_M0+
Mcu.IP1=NVIC
Mcu.IP2=RCC
Mcu.IP3=SYS
Mcu.IP4=NUCLEO-WB09KE
Mcu.IPNb=5
Mcu.Name=STM32WB09KEVx
Mcu.Package=VFQFPN32
Mcu.Pin0=PB3
Mcu.Pin1=PB0
Mcu.Pin10=PB7
Mcu.Pin11=PB6
Mcu.Pin12=VP_SYS_VS_Systick
Mcu.Pin2=PA1
Mcu.Pin3=PA8
Mcu.Pin4=PA9
Mcu.Pin5=PA11
Mcu.Pin6=OSCOUT
Mcu.Pin7=OSCIN
Mcu.Pin8=PB13
Mcu.Pin9=PB12
Mcu.PinsNb=13
Mcu.ThirdPartyNb=0
Mcu.UserConstants=
Mcu.UserName=STM32WB09KEVx
MxCube.Version=6.16.0
MxDb.Version=DB.6.0.160
NVIC.ForceEnableDMAVector=true
NVIC.HardFault_IRQn=true\:0\:0\:false\:false\:true\:false\:false\:false
NVIC.NonMaskableInt_IRQn=true\:0\:0\:false\:false\:true\:false\:false\:false
NVIC.PendSV_IRQn=true\:0\:0\:false\:false\:true\:false\:false\:false
NVIC.SVCall_IRQn=true\:0\:0\:false\:false\:true\:false\:false\:false
NVIC.SysTick_IRQn=true\:3\:0\:false\:false\:true\:false\:true\:false
OSCIN.GPIOParameters=GPIO_Label
OSCIN.GPIO_Label=OSC_IN
OSCIN.Locked=true
OSCIN.Signal=RCC_OSC_IN
OSCOUT.GPIOParameters=GPIO_Label
OSCOUT.GPIO_Label=OSC_OUT
OSCOUT.Locked=true
OSCOUT.Signal=RCC_OSC_OUT
PA1.GPIOParameters=GPIO_Speed,GPIO_Label
PA1.GPIO_Label=T_VCP_TX
PA1.GPIO_Speed=GPIO_SPEED_FREQ_VERY_HIGH
PA1.Locked=true
PA1.Signal=USART1_TX
PA11.GPIOParameters=GPIO_Speed,GPIO_Label
PA11.GPIO_Label=SPI3_MOSI
PA11.GPIO_Speed=GPIO_SPEED_FREQ_VERY_HIGH
PA11.Locked=true
PA11.Signal=SPI3_MOSI
PA8.GPIOParameters=GPIO_Speed,GPIO_Label
PA8.GPIO_Label=SPI3_MISO
PA8.GPIO_Speed=GPIO_SPEED_FREQ_VERY_HIGH
PA8.Locked=true
PA8.Signal=SPI3_MISO
PA9.GPIOParameters=GPIO_Speed,GPIO_Label
PA9.GPIO_Label=SPI3_NSS
PA9.GPIO_Speed=GPIO_SPEED_FREQ_VERY_HIGH
PA9.Locked=true
PA9.Signal=SPI3_NSS
PB0.GPIOParameters=GPIO_Speed,GPIO_Label
PB0.GPIO_Label=T_VCP_RX
PB0.GPIO_Speed=GPIO_SPEED_FREQ_VERY_HIGH
PB0.Locked=true
PB0.Signal=USART1_RX
PB12.GPIOParameters=GPIO_Label
PB12.GPIO_Label=OSC32_OUT
PB12.Locked=true
PB12.Signal=RCC_OSC32_OUT
PB13.GPIOParameters=GPIO_Label
PB13.GPIO_Label=OSC32_IN
PB13.Locked=true
PB13.Signal=RCC_OSC32_IN
PB3.GPIOParameters=GPIO_Speed,GPIO_Label
PB3.GPIO_Label=SPI3_SCK
PB3.GPIO_Speed=GPIO_SPEED_FREQ_VERY_HIGH
PB3.Locked=true
PB3.Signal=SPI3_SCK
PB6.GPIOParameters=GPIO_Speed,GPIO_Label
PB6.GPIO_Label=I2C1_SCL
PB6.GPIO_Speed=GPIO_SPEED_FREQ_VERY_HIGH
PB6.Locked=true
PB6.Signal=I2C1_SCL
PB7.GPIOParameters=GPIO_Speed,GPIO_Label
PB7.GPIO_Label=I2C1_SDA
PB7.GPIO_Speed=GPIO_SPEED_FREQ_VERY_HIGH
PB7.Locked=true
PB7.Signal=I2C1_SDA
PinOutPanel.RotationAngle=0
RCC.BLEFreq_VALUE=32000000
RCC.CLKI2S3Freq_VALUE=64000000
RCC.CLKSYSFreq_VALUE=64000000
RCC.ClkSMPSFreq_VALUE=4000000
RCC.FamilyName=M
RCC.HSE_VALUE=32000000
RCC.HSI_VALUE=64000000
RCC.IPParameters=BLEFreq_VALUE,CLKI2S3Freq_VALUE,CLKSYSFreq_VALUE,ClkSMPSFreq_VALUE,FamilyName,HSE_VALUE,HSI_VALUE,LPUARTFreq_VALUE,LSCOPinFreq_Value,LSE_Timout,LSE_VALUE,LSI_VALUE,MCO1PinFreq_Value,SysCLKFreq_VALUE
RCC.LPUARTFreq_VALUE=16000000
RCC.LSCOPinFreq_Value=32000
RCC.LSE_Timout=100
RCC.LSE_VALUE=32768
RCC.LSI_VALUE=32000
RCC.MCO1PinFreq_Value=64000000
RCC.SysCLKFreq_VALUE=64000000
VP_SYS_VS_Systick.Mode=SysTick
VP_SYS_VS_Systick.Signal=SYS_VS_Systick
board=NUCLEO-WB09KE
boardIOC=true
