#MicroXplorer Configuration settings - do not modify
CAD.formats=
CAD.pinconfig=
CAD.provider=
File.Version=6
GPIO.groupedBy=
KeepUserPlacement=false
Mcu.CPN=STM32WL3RKBV6
Mcu.Family=STM32WL3
Mcu.IP0=CORTEX_M0+
Mcu.IP1=DEBUG
Mcu.IP2=NVIC
Mcu.IP3=PWR
Mcu.IP4=RCC
Mcu.IP5=SYS
Mcu.IP6=USART1
Mcu.IPNb=7
Mcu.Name=STM32WL3RKBVx
Mcu.Package=VFQFPN32
Mcu.Pin0=PA2
Mcu.Pin1=PA3
Mcu.Pin10=PB0
Mcu.Pin11=PB2
Mcu.Pin12=VP_PWR_VS_SECSignals
Mcu.Pin13=VP_SYS_VS_Systick
Mcu.Pin2=PA0
Mcu.Pin3=PB12
Mcu.Pin4=PB13
Mcu.Pin5=PB14
Mcu.Pin6=PB15
Mcu.Pin7=PA7
Mcu.Pin8=PA1
Mcu.Pin9=PB7
Mcu.PinsNb=14
Mcu.ThirdPartyNb=0
Mcu.UserConstants=
Mcu.UserName=STM32WL3RKBVx
MxCube.Version=6.16.0
MxDb.Version=DB.6.0.160
NVIC.ForceEnableDMAVector=true
NVIC.HardFault_IRQn=true\:0\:0\:false\:false\:true\:false\:false\:false
NVIC.NonMaskableInt_IRQn=true\:0\:0\:false\:false\:true\:false\:false\:false
NVIC.PendSV_IRQn=true\:0\:0\:false\:false\:true\:false\:false\:false
NVIC.SVCall_IRQn=true\:0\:0\:false\:false\:true\:false\:false\:false
NVIC.SysTick_IRQn=true\:3\:0\:false\:false\:true\:false\:true\:false
PA0.GPIOParameters=GPIO_Label
PA0.GPIO_Label=PUSH1_BUTTON
PA0.Locked=true
PA0.Signal=GPIO_Input
PA1.GPIOParameters=GPIO_Label
PA1.GPIO_Label=VCP_TX
PA1.Locked=true
PA1.Mode=Asynchronous
PA1.Signal=USART1_TX
PA2.Locked=true
PA2.Mode=Serial_Wire
PA2.Signal=DEBUG_SWDIO
PA3.Locked=true
PA3.Mode=Serial_Wire
PA3.Signal=DEBUG_SWCLK
PA7.GPIOParameters=GPIO_Label
PA7.GPIO_Label=PUSH2_BUTTON
PA7.Locked=true
PA7.Signal=GPIO_Input
PB0.GPIOParameters=GPIO_Label
PB0.GPIO_Label=PUSH3_BUTTON
PB0.Locked=true
PB0.Signal=GPIO_Input
PB12.Locked=true
PB12.Mode=LSE-External-Oscillator
PB12.Signal=RCC_OSC32_OUT
PB13.Locked=true
PB13.Mode=LSE-External-Oscillator
PB13.Signal=RCC_OSC32_IN
PB14.GPIOParameters=GPIO_Label
PB14.GPIO_Label=VCP_RX
PB14.Locked=true
PB14.Mode=Asynchronous
PB14.Signal=USART1_RX
PB15.GPIOParameters=GPIO_Label
PB15.GPIO_Label=LED2
PB15.Locked=true
PB15.Signal=GPIO_Output
PB2.GPIOParameters=GPIO_Label
PB2.GPIO_Label=LED3
PB2.Locked=true
PB2.Signal=GPIO_Output
PB7.GPIOParameters=GPIO_Label
PB7.GPIO_Label=LED1
PB7.Locked=true
PB7.Signal=GPIO_Output
PinOutPanel.RotationAngle=0
RCC.CLKSPI3I2SFreq_VALUE=64000000
RCC.CLKSYSFreq_VALUE=64000000
RCC.ClkSMPSFreq_VALUE=8000000
RCC.FamilyName=M
RCC.HSE_VALUE=48000000
RCC.HSI_VALUE=64000000
RCC.IPParameters=CLKSPI3I2SFreq_VALUE,CLKSYSFreq_VALUE,ClkSMPSFreq_VALUE,FamilyName,HSE_VALUE,HSI_VALUE,LPUARTFreq_VALUE,LSCOPinFreq_Value,LSI_VALUE,MCO1PinFreq_Value,SysCLKFreq_VALUE
RCC.LPUARTFreq_VALUE=16000000
RCC.LSCOPinFreq_Value=32000
RCC.LSI_VALUE=32000
RCC.MCO1PinFreq_Value=64000000
RCC.SysCLKFreq_VALUE=64000000
USART1.IPParameters=VirtualMode-Asynchronous
USART1.VirtualMode-Asynchronous=VM_ASYNC
VP_PWR_VS_SECSignals.Mode=Security/Privilege
VP_PWR_VS_SECSignals.Signal=PWR_VS_SECSignals
VP_SYS_VS_Systick.Mode=SysTick
VP_SYS_VS_Systick.Signal=SYS_VS_Systick
board=NUCLEO-WL3RKB1
boardIOC=true